// !$*UTF8*$!
{
	archiveVersion = 1;
	classes = {
	};
	objectVersion = 50;
	objects = {

/* Begin PBXBuildFile section */
		962D1F342372B74400837566 /* AppDelegate.swift in Sources */ = {isa = PBXBuildFile; fileRef = 962D1F332372B74400837566 /* AppDelegate.swift */; };
		962D1F362372B74400837566 /* SceneDelegate.swift in Sources */ = {isa = PBXBuildFile; fileRef = 962D1F352372B74400837566 /* SceneDelegate.swift */; };
		962D1F382372B74400837566 /* ContentView.swift in Sources */ = {isa = PBXBuildFile; fileRef = 962D1F372372B74400837566 /* ContentView.swift */; };
		962D1F3A2372B74700837566 /* Assets.xcassets in Resources */ = {isa = PBXBuildFile; fileRef = 962D1F392372B74700837566 /* Assets.xcassets */; };
		962D1F3D2372B74700837566 /* Preview Assets.xcassets in Resources */ = {isa = PBXBuildFile; fileRef = 962D1F3C2372B74700837566 /* Preview Assets.xcassets */; };
		962D1F402372B74700837566 /* LaunchScreen.storyboard in Resources */ = {isa = PBXBuildFile; fileRef = 962D1F3E2372B74700837566 /* LaunchScreen.storyboard */; };
		962D1F4B2372B74700837566 /* _0012650_7211Tests.swift in Sources */ = {isa = PBXBuildFile; fileRef = 962D1F4A2372B74700837566 /* _0012650_7211Tests.swift */; };
		962D1F572372B76C00837566 /* Repo.swift in Sources */ = {isa = PBXBuildFile; fileRef = 962D1F562372B76C00837566 /* Repo.swift */; };
		962D1F592372B7ED00837566 /* GetRepoData.swift in Sources */ = {isa = PBXBuildFile; fileRef = 962D1F582372B7ED00837566 /* GetRepoData.swift */; };
		962D1F5B2372B93600837566 /* Test.swift in Sources */ = {isa = PBXBuildFile; fileRef = 962D1F5A2372B93600837566 /* Test.swift */; };
		962D1F5D23735A4B00837566 /* Content.swift in Sources */ = {isa = PBXBuildFile; fileRef = 962D1F5C23735A4B00837566 /* Content.swift */; };
		962D1F5F23735AC600837566 /* GetContent.swift in Sources */ = {isa = PBXBuildFile; fileRef = 962D1F5E23735AC600837566 /* GetContent.swift */; };
		966DA71E2373B32E00CEC5B1 /* Base64.swift in Sources */ = {isa = PBXBuildFile; fileRef = 966DA71D2373B32E00CEC5B1 /* Base64.swift */; };
/* End PBXBuildFile section */

/* Begin PBXContainerItemProxy section */
		962D1F472372B74700837566 /* PBXContainerItemProxy */ = {
			isa = PBXContainerItemProxy;
			containerPortal = 962D1F282372B74400837566 /* Project object */;
			proxyType = 1;
			remoteGlobalIDString = 962D1F2F2372B74400837566;
			remoteInfo = "10012650-7211";
		};
/* End PBXContainerItemProxy section */

/* Begin PBXFileReference section */
		962D1F302372B74400837566 /* 10012650-7211.app */ = {isa = PBXFileReference; explicitFileType = wrapper.application; includeInIndex = 0; path = "10012650-7211.app"; sourceTree = BUILT_PRODUCTS_DIR; };
		962D1F332372B74400837566 /* AppDelegate.swift */ = {isa = PBXFileReference; lastKnownFileType = sourcecode.swift; path = AppDelegate.swift; sourceTree = "<group>"; };
		962D1F352372B74400837566 /* SceneDelegate.swift */ = {isa = PBXFileReference; lastKnownFileType = sourcecode.swift; path = SceneDelegate.swift; sourceTree = "<group>"; };
		962D1F372372B74400837566 /* ContentView.swift */ = {isa = PBXFileReference; lastKnownFileType = sourcecode.swift; path = ContentView.swift; sourceTree = "<group>"; };
		962D1F392372B74700837566 /* Assets.xcassets */ = {isa = PBXFileReference; lastKnownFileType = folder.assetcatalog; path = Assets.xcassets; sourceTree = "<group>"; };
		962D1F3C2372B74700837566 /* Preview Assets.xcassets */ = {isa = PBXFileReference; lastKnownFileType = folder.assetcatalog; path = "Preview Assets.xcassets"; sourceTree = "<group>"; };
		962D1F3F2372B74700837566 /* Base */ = {isa = PBXFileReference; lastKnownFileType = file.storyboard; name = Base; path = Base.lproj/LaunchScreen.storyboard; sourceTree = "<group>"; };
		962D1F412372B74700837566 /* Info.plist */ = {isa = PBXFileReference; lastKnownFileType = text.plist.xml; path = Info.plist; sourceTree = "<group>"; };
		962D1F462372B74700837566 /* 10012650-7211Tests.xctest */ = {isa = PBXFileReference; explicitFileType = wrapper.cfbundle; includeInIndex = 0; path = "10012650-7211Tests.xctest"; sourceTree = BUILT_PRODUCTS_DIR; };
		962D1F4A2372B74700837566 /* _0012650_7211Tests.swift */ = {isa = PBXFileReference; lastKnownFileType = sourcecode.swift; path = _0012650_7211Tests.swift; sourceTree = "<group>"; };
		962D1F4C2372B74700837566 /* Info.plist */ = {isa = PBXFileReference; lastKnownFileType = text.plist.xml; path = Info.plist; sourceTree = "<group>"; };
		962D1F562372B76C00837566 /* Repo.swift */ = {isa = PBXFileReference; lastKnownFileType = sourcecode.swift; path = Repo.swift; sourceTree = "<group>"; };
		962D1F582372B7ED00837566 /* GetRepoData.swift */ = {isa = PBXFileReference; lastKnownFileType = sourcecode.swift; path = GetRepoData.swift; sourceTree = "<group>"; };
		962D1F5A2372B93600837566 /* Test.swift */ = {isa = PBXFileReference; lastKnownFileType = sourcecode.swift; path = Test.swift; sourceTree = "<group>"; };
		962D1F5C23735A4B00837566 /* Content.swift */ = {isa = PBXFileReference; lastKnownFileType = sourcecode.swift; path = Content.swift; sourceTree = "<group>"; };
		962D1F5E23735AC600837566 /* GetContent.swift */ = {isa = PBXFileReference; lastKnownFileType = sourcecode.swift; path = GetContent.swift; sourceTree = "<group>"; };
		966DA71D2373B32E00CEC5B1 /* Base64.swift */ = {isa = PBXFileReference; lastKnownFileType = sourcecode.swift; path = Base64.swift; sourceTree = "<group>"; };
/* End PBXFileReference section */

/* Begin PBXFrameworksBuildPhase section */
		962D1F2D2372B74400837566 /* Frameworks */ = {
			isa = PBXFrameworksBuildPhase;
			buildActionMask = 2147483647;
			files = (
			);
			runOnlyForDeploymentPostprocessing = 0;
		};
		962D1F432372B74700837566 /* Frameworks */ = {
			isa = PBXFrameworksBuildPhase;
			buildActionMask = 2147483647;
			files = (
			);
			runOnlyForDeploymentPostprocessing = 0;
		};
/* End PBXFrameworksBuildPhase section */

/* Begin PBXGroup section */
		962D1F272372B74400837566 = {
			isa = PBXGroup;
			children = (
				962D1F322372B74400837566 /* 10012650-7211 */,
				962D1F492372B74700837566 /* 10012650-7211Tests */,
				962D1F312372B74400837566 /* Products */,
			);
			sourceTree = "<group>";
		};
		962D1F312372B74400837566 /* Products */ = {
			isa = PBXGroup;
			children = (
				962D1F302372B74400837566 /* 10012650-7211.app */,
				962D1F462372B74700837566 /* 10012650-7211Tests.xctest */,
			);
			name = Products;
			sourceTree = "<group>";
		};
		962D1F322372B74400837566 /* 10012650-7211 */ = {
			isa = PBXGroup;
			children = (
				962D1F552372B75100837566 /* Models */,
				962D1F332372B74400837566 /* AppDelegate.swift */,
				962D1F352372B74400837566 /* SceneDelegate.swift */,
				962D1F372372B74400837566 /* ContentView.swift */,
				962D1F392372B74700837566 /* Assets.xcassets */,
				962D1F3E2372B74700837566 /* LaunchScreen.storyboard */,
				962D1F412372B74700837566 /* Info.plist */,
				962D1F3B2372B74700837566 /* Preview Content */,
				962D1F582372B7ED00837566 /* GetRepoData.swift */,
				962D1F5A2372B93600837566 /* Test.swift */,
				962D1F5E23735AC600837566 /* GetContent.swift */,
				966DA71D2373B32E00CEC5B1 /* Base64.swift */,
			);
			path = "10012650-7211";
			sourceTree = "<group>";
		};
		962D1F3B2372B74700837566 /* Preview Content */ = {
			isa = PBXGroup;
			children = (
				962D1F3C2372B74700837566 /* Preview Assets.xcassets */,
			);
			path = "Preview Content";
			sourceTree = "<group>";
		};
		962D1F492372B74700837566 /* 10012650-7211Tests */ = {
			isa = PBXGroup;
			children = (
				962D1F4A2372B74700837566 /* _0012650_7211Tests.swift */,
				962D1F4C2372B74700837566 /* Info.plist */,
			);
			path = "10012650-7211Tests";
			sourceTree = "<group>";
		};
		962D1F552372B75100837566 /* Models */ = {
			isa = PBXGroup;
			children = (
				962D1F562372B76C00837566 /* Repo.swift */,
				962D1F5C23735A4B00837566 /* Content.swift */,
			);
			path = Models;
			sourceTree = "<group>";
		};
/* End PBXGroup section */

/* Begin PBXNativeTarget section */
		962D1F2F2372B74400837566 /* 10012650-7211 */ = {
			isa = PBXNativeTarget;
			buildConfigurationList = 962D1F4F2372B74700837566 /* Build configuration list for PBXNativeTarget "10012650-7211" */;
			buildPhases = (
				962D1F2C2372B74400837566 /* Sources */,
				962D1F2D2372B74400837566 /* Frameworks */,
				962D1F2E2372B74400837566 /* Resources */,
			);
			buildRules = (
			);
			dependencies = (
			);
			name = "10012650-7211";
			productName = "10012650-7211";
			productReference = 962D1F302372B74400837566 /* 10012650-7211.app */;
			productType = "com.apple.product-type.application";
		};
		962D1F452372B74700837566 /* 10012650-7211Tests */ = {
			isa = PBXNativeTarget;
			buildConfigurationList = 962D1F522372B74700837566 /* Build configuration list for PBXNativeTarget "10012650-7211Tests" */;
			buildPhases = (
				962D1F422372B74700837566 /* Sources */,
				962D1F432372B74700837566 /* Frameworks */,
				962D1F442372B74700837566 /* Resources */,
			);
			buildRules = (
			);
			dependencies = (
				962D1F482372B74700837566 /* PBXTargetDependency */,
			);
			name = "10012650-7211Tests";
			productName = "10012650-7211Tests";
			productReference = 962D1F462372B74700837566 /* 10012650-7211Tests.xctest */;
			productType = "com.apple.product-type.bundle.unit-test";
		};
/* End PBXNativeTarget section */

/* Begin PBXProject section */
		962D1F282372B74400837566 /* Project object */ = {
			isa = PBXProject;
			attributes = {
				LastSwiftUpdateCheck = 1110;
				LastUpgradeCheck = 1110;
				ORGANIZATIONNAME = "Dayne Game";
				TargetAttributes = {
					962D1F2F2372B74400837566 = {
						CreatedOnToolsVersion = 11.1;
					};
					962D1F452372B74700837566 = {
						CreatedOnToolsVersion = 11.1;
						TestTargetID = 962D1F2F2372B74400837566;
					};
				};
			};
			buildConfigurationList = 962D1F2B2372B74400837566 /* Build configuration list for PBXProject "10012650-7211" */;
			compatibilityVersion = "Xcode 9.3";
			developmentRegion = en;
			hasScannedForEncodings = 0;
			knownRegions = (
				en,
				Base,
			);
			mainGroup = 962D1F272372B74400837566;
			productRefGroup = 962D1F312372B74400837566 /* Products */;
			projectDirPath = "";
			projectRoot = "";
			targets = (
				962D1F2F2372B74400837566 /* 10012650-7211 */,
				962D1F452372B74700837566 /* 10012650-7211Tests */,
			);
		};
/* End PBXProject section */

/* Begin PBXResourcesBuildPhase section */
		962D1F2E2372B74400837566 /* Resources */ = {
			isa = PBXResourcesBuildPhase;
			buildActionMask = 2147483647;
			files = (
				962D1F402372B74700837566 /* LaunchScreen.storyboard in Resources */,
				962D1F3D2372B74700837566 /* Preview Assets.xcassets in Resources */,
				962D1F3A2372B74700837566 /* Assets.xcassets in Resources */,
			);
			runOnlyForDeploymentPostprocessing = 0;
		};
		962D1F442372B74700837566 /* Resources */ = {
			isa = PBXResourcesBuildPhase;
			buildActionMask = 2147483647;
			files = (
			);
			runOnlyForDeploymentPostprocessing = 0;
		};
/* End PBXResourcesBuildPhase section */

/* Begin PBXSourcesBuildPhase section */
		962D1F2C2372B74400837566 /* Sources */ = {
			isa = PBXSourcesBuildPhase;
			buildActionMask = 2147483647;
			files = (
				962D1F342372B74400837566 /* AppDelegate.swift in Sources */,
				962D1F592372B7ED00837566 /* GetRepoData.swift in Sources */,
				962D1F5D23735A4B00837566 /* Content.swift in Sources */,
				962D1F362372B74400837566 /* SceneDelegate.swift in Sources */,
				966DA71E2373B32E00CEC5B1 /* Base64.swift in Sources */,
				962D1F382372B74400837566 /* ContentView.swift in Sources */,
				962D1F572372B76C00837566 /* Repo.swift in Sources */,
				962D1F5F23735AC600837566 /* GetContent.swift in Sources */,
				962D1F5B2372B93600837566 /* Test.swift in Sources */,
			);
			runOnlyForDeploymentPostprocessing = 0;
		};
		962D1F422372B74700837566 /* Sources */ = {
			isa = PBXSourcesBuildPhase;
			buildActionMask = 2147483647;
			files = (
				962D1F4B2372B74700837566 /* _0012650_7211Tests.swift in Sources */,
			);
			runOnlyForDeploymentPostprocessing = 0;
		};
/* End PBXSourcesBuildPhase section */

/* Begin PBXTargetDependency section */
		962D1F482372B74700837566 /* PBXTargetDependency */ = {
			isa = PBXTargetDependency;
			target = 962D1F2F2372B74400837566 /* 10012650-7211 */;
			targetProxy = 962D1F472372B74700837566 /* PBXContainerItemProxy */;
		};
/* End PBXTargetDependency section */

/* Begin PBXVariantGroup section */
		962D1F3E2372B74700837566 /* LaunchScreen.storyboard */ = {
			isa = PBXVariantGroup;
			children = (
				962D1F3F2372B74700837566 /* Base */,
			);
			name = LaunchScreen.storyboard;
			sourceTree = "<group>";
		};
/* End PBXVariantGroup section */

/* Begin XCBuildConfiguration section */
		962D1F4D2372B74700837566 /* Debug */ = {
			isa = XCBuildConfiguration;
			buildSettings = {
				ALWAYS_SEARCH_USER_PATHS = NO;
				CLANG_ANALYZER_NONNULL = YES;
				CLANG_ANALYZER_NUMBER_OBJECT_CONVERSION = YES_AGGRESSIVE;
				CLANG_CXX_LANGUAGE_STANDARD = "gnu++14";
				CLANG_CXX_LIBRARY = "libc++";
				CLANG_ENABLE_MODULES = YES;
				CLANG_ENABLE_OBJC_ARC = YES;
				CLANG_ENABLE_OBJC_WEAK = YES;
				CLANG_WARN_BLOCK_CAPTURE_AUTORELEASING = YES;
				CLANG_WARN_BOOL_CONVERSION = YES;
				CLANG_WARN_COMMA = YES;
				CLANG_WARN_CONSTANT_CONVERSION = YES;
				CLANG_WARN_DEPRECATED_OBJC_IMPLEMENTATIONS = YES;
				CLANG_WARN_DIRECT_OBJC_ISA_USAGE = YES_ERROR;
				CLANG_WARN_DOCUMENTATION_COMMENTS = YES;
				CLANG_WARN_EMPTY_BODY = YES;
				CLANG_WARN_ENUM_CONVERSION = YES;
				CLANG_WARN_INFINITE_RECURSION = YES;
				CLANG_WARN_INT_CONVERSION = YES;
				CLANG_WARN_NON_LITERAL_NULL_CONVERSION = YES;
				CLANG_WARN_OBJC_IMPLICIT_RETAIN_SELF = YES;
				CLANG_WARN_OBJC_LITERAL_CONVERSION = YES;
				CLANG_WARN_OBJC_ROOT_CLASS = YES_ERROR;
				CLANG_WARN_RANGE_LOOP_ANALYSIS = YES;
				CLANG_WARN_STRICT_PROTOTYPES = YES;
				CLANG_WARN_SUSPICIOUS_MOVE = YES;
				CLANG_WARN_UNGUARDED_AVAILABILITY = YES_AGGRESSIVE;
				CLANG_WARN_UNREACHABLE_CODE = YES;
				CLANG_WARN__DUPLICATE_METHOD_MATCH = YES;
				COPY_PHASE_STRIP = NO;
				DEBUG_INFORMATION_FORMAT = dwarf;
				ENABLE_STRICT_OBJC_MSGSEND = YES;
				ENABLE_TESTABILITY = YES;
				GCC_C_LANGUAGE_STANDARD = gnu11;
				GCC_DYNAMIC_NO_PIC = NO;
				GCC_NO_COMMON_BLOCKS = YES;
				GCC_OPTIMIZATION_LEVEL = 0;
				GCC_PREPROCESSOR_DEFINITIONS = (
					"DEBUG=1",
					"$(inherited)",
				);
				GCC_WARN_64_TO_32_BIT_CONVERSION = YES;
				GCC_WARN_ABOUT_RETURN_TYPE = YES_ERROR;
				GCC_WARN_UNDECLARED_SELECTOR = YES;
				GCC_WARN_UNINITIALIZED_AUTOS = YES_AGGRESSIVE;
				GCC_WARN_UNUSED_FUNCTION = YES;
				GCC_WARN_UNUSED_VARIABLE = YES;
				IPHONEOS_DEPLOYMENT_TARGET = 13.1;
				MTL_ENABLE_DEBUG_INFO = INCLUDE_SOURCE;
				MTL_FAST_MATH = YES;
				ONLY_ACTIVE_ARCH = YES;
				SDKROOT = iphoneos;
				SWIFT_ACTIVE_COMPILATION_CONDITIONS = DEBUG;
				SWIFT_OPTIMIZATION_LEVEL = "-Onone";
			};
			name = Debug;
		};
		962D1F4E2372B74700837566 /* Release */ = {
			isa = XCBuildConfiguration;
			buildSettings = {
				ALWAYS_SEARCH_USER_PATHS = NO;
				CLANG_ANALYZER_NONNULL = YES;
				CLANG_ANALYZER_NUMBER_OBJECT_CONVERSION = YES_AGGRESSIVE;
				CLANG_CXX_LANGUAGE_STANDARD = "gnu++14";
				CLANG_CXX_LIBRARY = "libc++";
				CLANG_ENABLE_MODULES = YES;
				CLANG_ENABLE_OBJC_ARC = YES;
				CLANG_ENABLE_OBJC_WEAK = YES;
				CLANG_WARN_BLOCK_CAPTURE_AUTORELEASING = YES;
				CLANG_WARN_BOOL_CONVERSION = YES;
				CLANG_WARN_COMMA = YES;
				CLANG_WARN_CONSTANT_CONVERSION = YES;
				CLANG_WARN_DEPRECATED_OBJC_IMPLEMENTATIONS = YES;
				CLANG_WARN_DIRECT_OBJC_ISA_USAGE = YES_ERROR;
				CLANG_WARN_DOCUMENTATION_COMMENTS = YES;
				CLANG_WARN_EMPTY_BODY = YES;
				CLANG_WARN_ENUM_CONVERSION = YES;
				CLANG_WARN_INFINITE_RECURSION = YES;
				CLANG_WARN_INT_CONVERSION = YES;
				CLANG_WARN_NON_LITERAL_NULL_CONVERSION = YES;
				CLANG_WARN_OBJC_IMPLICIT_RETAIN_SELF = YES;
				CLANG_WARN_OBJC_LITERAL_CONVERSION = YES;
				CLANG_WARN_OBJC_ROOT_CLASS = YES_ERROR;
				CLANG_WARN_RANGE_LOOP_ANALYSIS = YES;
				CLANG_WARN_STRICT_PROTOTYPES = YES;
				CLANG_WARN_SUSPICIOUS_MOVE = YES;
				CLANG_WARN_UNGUARDED_AVAILABILITY = YES_AGGRESSIVE;
				CLANG_WARN_UNREACHABLE_CODE = YES;
				CLANG_WARN__DUPLICATE_METHOD_MATCH = YES;
				COPY_PHASE_STRIP = NO;
				DEBUG_INFORMATION_FORMAT = "dwarf-with-dsym";
				ENABLE_NS_ASSERTIONS = NO;
				ENABLE_STRICT_OBJC_MSGSEND = YES;
				GCC_C_LANGUAGE_STANDARD = gnu11;
				GCC_NO_COMMON_BLOCKS = YES;
				GCC_WARN_64_TO_32_BIT_CONVERSION = YES;
				GCC_WARN_ABOUT_RETURN_TYPE = YES_ERROR;
				GCC_WARN_UNDECLARED_SELECTOR = YES;
				GCC_WARN_UNINITIALIZED_AUTOS = YES_AGGRESSIVE;
				GCC_WARN_UNUSED_FUNCTION = YES;
				GCC_WARN_UNUSED_VARIABLE = YES;
				IPHONEOS_DEPLOYMENT_TARGET = 13.1;
				MTL_ENABLE_DEBUG_INFO = NO;
				MTL_FAST_MATH = YES;
				SDKROOT = iphoneos;
				SWIFT_COMPILATION_MODE = wholemodule;
				SWIFT_OPTIMIZATION_LEVEL = "-O";
				VALIDATE_PRODUCT = YES;
			};
			name = Release;
		};
		962D1F502372B74700837566 /* Debug */ = {
			isa = XCBuildConfiguration;
			buildSettings = {
				ASSETCATALOG_COMPILER_APPICON_NAME = AppIcon;
				CODE_SIGN_STYLE = Automatic;
				DEVELOPMENT_ASSET_PATHS = "\"10012650-7211/Preview Content\"";
				ENABLE_PREVIEWS = YES;
				INFOPLIST_FILE = "10012650-7211/Info.plist";
				LD_RUNPATH_SEARCH_PATHS = (
					"$(inherited)",
					"@executable_path/Frameworks",
				);
				PRODUCT_BUNDLE_IDENTIFIER = "DGTechnology.-0012650-7211";
				PRODUCT_NAME = "$(TARGET_NAME)";
				SWIFT_VERSION = 5.0;
				TARGETED_DEVICE_FAMILY = "1,2";
			};
			name = Debug;
		};
		962D1F512372B74700837566 /* Release */ = {
			isa = XCBuildConfiguration;
			buildSettings = {
				ASSETCATALOG_COMPILER_APPICON_NAME = AppIcon;
				CODE_SIGN_STYLE = Automatic;
				DEVELOPMENT_ASSET_PATHS = "\"10012650-7211/Preview Content\"";
				ENABLE_PREVIEWS = YES;
				INFOPLIST_FILE = "10012650-7211/Info.plist";
				LD_RUNPATH_SEARCH_PATHS = (
					"$(inherited)",
					"@executable_path/Frameworks",
				);
				PRODUCT_BUNDLE_IDENTIFIER = "DGTechnology.-0012650-7211";
				PRODUCT_NAME = "$(TARGET_NAME)";
				SWIFT_VERSION = 5.0;
				TARGETED_DEVICE_FAMILY = "1,2";
			};
			name = Release;
		};
		962D1F532372B74700837566 /* Debug */ = {
			isa = XCBuildConfiguration;
			buildSettings = {
				ALWAYS_EMBED_SWIFT_STANDARD_LIBRARIES = YES;
				BUNDLE_LOADER = "$(TEST_HOST)";
				CODE_SIGN_STYLE = Automatic;
				INFOPLIST_FILE = "10012650-7211Tests/Info.plist";
				IPHONEOS_DEPLOYMENT_TARGET = 13.1;
				LD_RUNPATH_SEARCH_PATHS = (
					"$(inherited)",
					"@executable_path/Frameworks",
					"@loader_path/Frameworks",
				);
				PRODUCT_BUNDLE_IDENTIFIER = "DGTechnology.-0012650-7211Tests";
				PRODUCT_NAME = "$(TARGET_NAME)";
				SWIFT_VERSION = 5.0;
				TARGETED_DEVICE_FAMILY = "1,2";
				TEST_HOST = "$(BUILT_PRODUCTS_DIR)/10012650-7211.app/10012650-7211";
			};
			name = Debug;
		};
		962D1F542372B74700837566 /* Release */ = {
			isa = XCBuildConfiguration;
			buildSettings = {
				ALWAYS_EMBED_SWIFT_STANDARD_LIBRARIES = YES;
				BUNDLE_LOADER = "$(TEST_HOST)";
				CODE_SIGN_STYLE = Automatic;
				INFOPLIST_FILE = "10012650-7211Tests/Info.plist";
				IPHONEOS_DEPLOYMENT_TARGET = 13.1;
				LD_RUNPATH_SEARCH_PATHS = (
					"$(inherited)",
					"@executable_path/Frameworks",
					"@loader_path/Frameworks",
				);
				PRODUCT_BUNDLE_IDENTIFIER = "DGTechnology.-0012650-7211Tests";
				PRODUCT_NAME = "$(TARGET_NAME)";
				SWIFT_VERSION = 5.0;
				TARGETED_DEVICE_FAMILY = "1,2";
				TEST_HOST = "$(BUILT_PRODUCTS_DIR)/10012650-7211.app/10012650-7211";
			};
			name = Release;
		};
/* End XCBuildConfiguration section */

/* Begin XCConfigurationList section */
		962D1F2B2372B74400837566 /* Build configuration list for PBXProject "10012650-7211" */ = {
			isa = XCConfigurationList;
			buildConfigurations = (
				962D1F4D2372B74700837566 /* Debug */,
				962D1F4E2372B74700837566 /* Release */,
			);
			defaultConfigurationIsVisible = 0;
			defaultConfigurationName = Release;
		};
		962D1F4F2372B74700837566 /* Build configuration list for PBXNativeTarget "10012650-7211" */ = {
			isa = XCConfigurationList;
			buildConfigurations = (
				962D1F502372B74700837566 /* Debug */,
				962D1F512372B74700837566 /* Release */,
			);
			defaultConfigurationIsVisible = 0;
			defaultConfigurationName = Release;
		};
		962D1F522372B74700837566 /* Build configuration list for PBXNativeTarget "10012650-7211Tests" */ = {
			isa = XCConfigurationList;
			buildConfigurations = (
				962D1F532372B74700837566 /* Debug */,
				962D1F542372B74700837566 /* Release */,
			);
			defaultConfigurationIsVisible = 0;
			defaultConfigurationName = Release;
		};
/* End XCConfigurationList section */
	};
	rootObject = 962D1F282372B74400837566 /* Project object */;
}
